
Microsoft Visual Studio Solution File, Format Version 12.00
# Visual Studio 2015
Project("{FAE04EC0-301F-11D3-BF4B-00C04F79EFBC}") = "GunGame.CSharp", "GunGame.CSharp.csproj", "{70FB2C9F-FF9F-82DB-9F05-9F42A8856CDC}"
EndProject
Project("{FAE04EC0-301F-11D3-BF4B-00C04F79EFBC}") = "GunGame.CSharp.Editor", "GunGame.CSharp.Editor.csproj", "{68C3A41C-554E-2460-AAE0-67BCB9BB46E8}"
EndProject
Global
	GlobalSection(SolutionConfigurationPlatforms) = preSolution
		Debug|Any CPU = Debug|Any CPU
		Release|Any CPU = Release|Any CPU
	EndGlobalSection
	GlobalSection(ProjectConfigurationPlatforms) = postSolution
		{70FB2C9F-FF9F-82DB-9F05-9F42A8856CDC}.Debug|Any CPU.ActiveCfg = Debug|Any CPU
		{70FB2C9F-FF9F-82DB-9F05-9F42A8856CDC}.Debug|Any CPU.Build.0 = Debug|Any CPU
		{70FB2C9F-FF9F-82DB-9F05-9F42A8856CDC}.Release|Any CPU.ActiveCfg = Release|Any CPU
		{70FB2C9F-FF9F-82DB-9F05-9F42A8856CDC}.Release|Any CPU.Build.0 = Release|Any CPU
		{68C3A41C-554E-2460-AAE0-67BCB9BB46E8}.Debug|Any CPU.ActiveCfg = Debug|Any CPU
		{68C3A41C-554E-2460-AAE0-67BCB9BB46E8}.Debug|Any CPU.Build.0 = Debug|Any CPU
		{68C3A41C-554E-2460-AAE0-67BCB9BB46E8}.Release|Any CPU.ActiveCfg = Release|Any CPU
		{68C3A41C-554E-2460-AAE0-67BCB9BB46E8}.Release|Any CPU.Build.0 = Release|Any CPU
	EndGlobalSection
	GlobalSection(SolutionProperties) = preSolution
		HideSolutionNode = FALSE
	EndGlobalSection
EndGlobal
